
Microsoft Visual Studio Solution File, Format Version 12.00
# Visual Studio Version 17
VisualStudioVersion = 17.8.34330.188
MinimumVisualStudioVersion = 10.0.40219.1
Project("{9A19103F-16F7-4668-BE54-9A1E7A4F7556}") = "SuperBotManagerBackend", "SuperBotManagerBackend\SuperBotManagerBackend.csproj", "{0FE6812E-E470-463F-9598-BC75235EFA4B}"
EndProject
Project("{9A19103F-16F7-4668-BE54-9A1E7A4F7556}") = "SuperBotManagerBase", "SuperBotManagerBase\SuperBotManagerBase.csproj", "{C5352DC9-1E12-4D45-AAA9-4977705868D6}"
EndProject
Project("{2150E333-8FDC-42A3-9474-1A3956D46DE8}") = "ActionConsumers", "ActionConsumers", "{2DD7142A-8AA5-4611-8BDE-54E68665CE00}"
EndProject
Project("{9A19103F-16F7-4668-BE54-9A1E7A4F7556}") = "SuperbotConsumerService", "SuperbotConsumerService\SuperbotConsumerService.csproj", "{4D93730A-A68F-44F3-AF68-AF6FE1E7A023}"
EndProject
Project("{9A19103F-16F7-4668-BE54-9A1E7A4F7556}") = "DiscordActionsConsumer", "ActionConsumers\DiscordActionsConsumer\DiscordActionsConsumer.csproj", "{C961A0F2-786B-449E-9C21-8DF26C598801}"
EndProject
Project("{9A19103F-16F7-4668-BE54-9A1E7A4F7556}") = "IntercityActionsConsumer", "ActionConsumers\IntercityActionsConsumer\IntercityActionsConsumer.csproj", "{A7B32CEA-F035-4E34-818C-466257C5EF40}"
EndProject
Project("{9A19103F-16F7-4668-BE54-9A1E7A4F7556}") = "StorytelActionsConsumer", "ActionConsumers\StorytelActionsConsumer\StorytelActionsConsumer.csproj", "{E1A312DC-FE69-49F4-8249-765EBC3FD518}"
EndProject
Project("{2150E333-8FDC-42A3-9474-1A3956D46DE8}") = "ActionDefinitions", "ActionDefinitions", "{88AC3E5B-6EE1-4145-9CE8-F43E04D25FA1}"
EndProject
Project("{9A19103F-16F7-4668-BE54-9A1E7A4F7556}") = "IntercityActionsDefinitions", "ActionDefinitions\IntercityActionsDefinitions\IntercityActionsDefinitions.csproj", "{DB53B4BB-1301-4697-9E34-A5965594B851}"
EndProject
Project("{9A19103F-16F7-4668-BE54-9A1E7A4F7556}") = "StorytelActionsDefinitions", "ActionDefinitions\StorytelActionsDefinitions\StorytelActionsDefinitions.csproj", "{E9C70E4C-EAB9-4BCD-8B1A-A3E4E890E1D7}"
EndProject
Project("{9A19103F-16F7-4668-BE54-9A1E7A4F7556}") = "DiscordActionsDefinitions", "ActionDefinitions\DiscordActionsDefinitions\DiscordActionsDefinitions.csproj", "{D336DCF9-98E4-4726-BC47-22C6C73C4846}"
EndProject
Project("{9A19103F-16F7-4668-BE54-9A1E7A4F7556}") = "OpenAIActionsConsumer", "ActionConsumers\OpenAIActionsConsumer\OpenAIActionsConsumer.csproj", "{545463F8-514D-4728-BA7D-F34A78F6961C}"
EndProject
Project("{9A19103F-16F7-4668-BE54-9A1E7A4F7556}") = "OpenAIActionsDefinitions", "ActionDefinitions\OpenAIActionsDefinitions\OpenAIActionsDefinitions.csproj", "{A68B45D0-11F5-472D-A1BE-918AC291D83E}"
EndProject
Project("{9A19103F-16F7-4668-BE54-9A1E7A4F7556}") = "XKomActionsConsumer", "ActionConsumers\XKomActionsConsumer\XKomActionsConsumer.csproj", "{E56EBA94-D70F-43E8-A69B-C2E196012D62}"
EndProject
Project("{9A19103F-16F7-4668-BE54-9A1E7A4F7556}") = "XKomActionsDefinitions", "ActionDefinitions\XKomActionsDefinitions\XKomActionsDefinitions.csproj", "{CA9CB6D2-690B-444B-B766-AC805E4D5116}"
EndProject
Project("{9A19103F-16F7-4668-BE54-9A1E7A4F7556}") = "SuperbotScheduleBackgroundService", "SuperbotScheduleConsumer\SuperbotScheduleBackgroundService.csproj", "{F6130E87-A78C-40FF-9F56-26D7B8E06A3B}"
EndProject
Project("{FAE04EC0-301F-11D3-BF4B-00C04F79EFBC}") = "MailActionsConsumer", "ActionConsumers\MailActionsConsumer\MailActionsConsumer.csproj", "{D116851A-69A3-450C-B3F3-4CAB7868BB3D}"
EndProject
Project("{FAE04EC0-301F-11D3-BF4B-00C04F79EFBC}") = "MailActionsDefinitions", "ActionDefinitions\MailActionsDefinitions\MailActionsDefinitions.csproj", "{1BCB974E-4B9D-47BD-A775-627404F7BF1F}"
EndProject
Global
	GlobalSection(SolutionConfigurationPlatforms) = preSolution
		Debug|Any CPU = Debug|Any CPU
		Release|Any CPU = Release|Any CPU
	EndGlobalSection
	GlobalSection(ProjectConfigurationPlatforms) = postSolution
		{0FE6812E-E470-463F-9598-BC75235EFA4B}.Debug|Any CPU.ActiveCfg = Debug|Any CPU
		{0FE6812E-E470-463F-9598-BC75235EFA4B}.Debug|Any CPU.Build.0 = Debug|Any CPU
		{0FE6812E-E470-463F-9598-BC75235EFA4B}.Release|Any CPU.ActiveCfg = Release|Any CPU
		{0FE6812E-E470-463F-9598-BC75235EFA4B}.Release|Any CPU.Build.0 = Release|Any CPU
		{C5352DC9-1E12-4D45-AAA9-4977705868D6}.Debug|Any CPU.ActiveCfg = Debug|Any CPU
		{C5352DC9-1E12-4D45-AAA9-4977705868D6}.Debug|Any CPU.Build.0 = Debug|Any CPU
		{C5352DC9-1E12-4D45-AAA9-4977705868D6}.Release|Any CPU.ActiveCfg = Release|Any CPU
		{C5352DC9-1E12-4D45-AAA9-4977705868D6}.Release|Any CPU.Build.0 = Release|Any CPU
		{4D93730A-A68F-44F3-AF68-AF6FE1E7A023}.Debug|Any CPU.ActiveCfg = Debug|Any CPU
		{4D93730A-A68F-44F3-AF68-AF6FE1E7A023}.Debug|Any CPU.Build.0 = Debug|Any CPU
		{4D93730A-A68F-44F3-AF68-AF6FE1E7A023}.Release|Any CPU.ActiveCfg = Release|Any CPU
		{4D93730A-A68F-44F3-AF68-AF6FE1E7A023}.Release|Any CPU.Build.0 = Release|Any CPU
		{C961A0F2-786B-449E-9C21-8DF26C598801}.Debug|Any CPU.ActiveCfg = Debug|Any CPU
		{C961A0F2-786B-449E-9C21-8DF26C598801}.Debug|Any CPU.Build.0 = Debug|Any CPU
		{C961A0F2-786B-449E-9C21-8DF26C598801}.Release|Any CPU.ActiveCfg = Release|Any CPU
		{C961A0F2-786B-449E-9C21-8DF26C598801}.Release|Any CPU.Build.0 = Release|Any CPU
		{A7B32CEA-F035-4E34-818C-466257C5EF40}.Debug|Any CPU.ActiveCfg = Debug|Any CPU
		{A7B32CEA-F035-4E34-818C-466257C5EF40}.Debug|Any CPU.Build.0 = Debug|Any CPU
		{A7B32CEA-F035-4E34-818C-466257C5EF40}.Release|Any CPU.ActiveCfg = Release|Any CPU
		{A7B32CEA-F035-4E34-818C-466257C5EF40}.Release|Any CPU.Build.0 = Release|Any CPU
		{E1A312DC-FE69-49F4-8249-765EBC3FD518}.Debug|Any CPU.ActiveCfg = Debug|Any CPU
		{E1A312DC-FE69-49F4-8249-765EBC3FD518}.Debug|Any CPU.Build.0 = Debug|Any CPU
		{E1A312DC-FE69-49F4-8249-765EBC3FD518}.Release|Any CPU.ActiveCfg = Release|Any CPU
		{E1A312DC-FE69-49F4-8249-765EBC3FD518}.Release|Any CPU.Build.0 = Release|Any CPU
		{DB53B4BB-1301-4697-9E34-A5965594B851}.Debug|Any CPU.ActiveCfg = Debug|Any CPU
		{DB53B4BB-1301-4697-9E34-A5965594B851}.Debug|Any CPU.Build.0 = Debug|Any CPU
		{DB53B4BB-1301-4697-9E34-A5965594B851}.Release|Any CPU.ActiveCfg = Release|Any CPU
		{DB53B4BB-1301-4697-9E34-A5965594B851}.Release|Any CPU.Build.0 = Release|Any CPU
		{E9C70E4C-EAB9-4BCD-8B1A-A3E4E890E1D7}.Debug|Any CPU.ActiveCfg = Debug|Any CPU
		{E9C70E4C-EAB9-4BCD-8B1A-A3E4E890E1D7}.Debug|Any CPU.Build.0 = Debug|Any CPU
		{E9C70E4C-EAB9-4BCD-8B1A-A3E4E890E1D7}.Release|Any CPU.ActiveCfg = Release|Any CPU
		{E9C70E4C-EAB9-4BCD-8B1A-A3E4E890E1D7}.Release|Any CPU.Build.0 = Release|Any CPU
		{D336DCF9-98E4-4726-BC47-22C6C73C4846}.Debug|Any CPU.ActiveCfg = Debug|Any CPU
		{D336DCF9-98E4-4726-BC47-22C6C73C4846}.Debug|Any CPU.Build.0 = Debug|Any CPU
		{D336DCF9-98E4-4726-BC47-22C6C73C4846}.Release|Any CPU.ActiveCfg = Release|Any CPU
		{D336DCF9-98E4-4726-BC47-22C6C73C4846}.Release|Any CPU.Build.0 = Release|Any CPU
		{545463F8-514D-4728-BA7D-F34A78F6961C}.Debug|Any CPU.ActiveCfg = Debug|Any CPU
		{545463F8-514D-4728-BA7D-F34A78F6961C}.Debug|Any CPU.Build.0 = Debug|Any CPU
		{545463F8-514D-4728-BA7D-F34A78F6961C}.Release|Any CPU.ActiveCfg = Release|Any CPU
		{545463F8-514D-4728-BA7D-F34A78F6961C}.Release|Any CPU.Build.0 = Release|Any CPU
		{A68B45D0-11F5-472D-A1BE-918AC291D83E}.Debug|Any CPU.ActiveCfg = Debug|Any CPU
		{A68B45D0-11F5-472D-A1BE-918AC291D83E}.Debug|Any CPU.Build.0 = Debug|Any CPU
		{A68B45D0-11F5-472D-A1BE-918AC291D83E}.Release|Any CPU.ActiveCfg = Release|Any CPU
		{A68B45D0-11F5-472D-A1BE-918AC291D83E}.Release|Any CPU.Build.0 = Release|Any CPU
		{E56EBA94-D70F-43E8-A69B-C2E196012D62}.Debug|Any CPU.ActiveCfg = Debug|Any CPU
		{E56EBA94-D70F-43E8-A69B-C2E196012D62}.Debug|Any CPU.Build.0 = Debug|Any CPU
		{E56EBA94-D70F-43E8-A69B-C2E196012D62}.Release|Any CPU.ActiveCfg = Release|Any CPU
		{E56EBA94-D70F-43E8-A69B-C2E196012D62}.Release|Any CPU.Build.0 = Release|Any CPU
		{CA9CB6D2-690B-444B-B766-AC805E4D5116}.Debug|Any CPU.ActiveCfg = Debug|Any CPU
		{CA9CB6D2-690B-444B-B766-AC805E4D5116}.Debug|Any CPU.Build.0 = Debug|Any CPU
		{CA9CB6D2-690B-444B-B766-AC805E4D5116}.Release|Any CPU.ActiveCfg = Release|Any CPU
		{CA9CB6D2-690B-444B-B766-AC805E4D5116}.Release|Any CPU.Build.0 = Release|Any CPU
		{F6130E87-A78C-40FF-9F56-26D7B8E06A3B}.Debug|Any CPU.ActiveCfg = Debug|Any CPU
		{F6130E87-A78C-40FF-9F56-26D7B8E06A3B}.Debug|Any CPU.Build.0 = Debug|Any CPU
		{F6130E87-A78C-40FF-9F56-26D7B8E06A3B}.Release|Any CPU.ActiveCfg = Release|Any CPU
		{F6130E87-A78C-40FF-9F56-26D7B8E06A3B}.Release|Any CPU.Build.0 = Release|Any CPU
		{D116851A-69A3-450C-B3F3-4CAB7868BB3D}.Debug|Any CPU.ActiveCfg = Debug|Any CPU
		{D116851A-69A3-450C-B3F3-4CAB7868BB3D}.Debug|Any CPU.Build.0 = Debug|Any CPU
		{D116851A-69A3-450C-B3F3-4CAB7868BB3D}.Release|Any CPU.ActiveCfg = Release|Any CPU
		{D116851A-69A3-450C-B3F3-4CAB7868BB3D}.Release|Any CPU.Build.0 = Release|Any CPU
		{1BCB974E-4B9D-47BD-A775-627404F7BF1F}.Debug|Any CPU.ActiveCfg = Debug|Any CPU
		{1BCB974E-4B9D-47BD-A775-627404F7BF1F}.Debug|Any CPU.Build.0 = Debug|Any CPU
		{1BCB974E-4B9D-47BD-A775-627404F7BF1F}.Release|Any CPU.ActiveCfg = Release|Any CPU
		{1BCB974E-4B9D-47BD-A775-627404F7BF1F}.Release|Any CPU.Build.0 = Release|Any CPU
	EndGlobalSection
	GlobalSection(SolutionProperties) = preSolution
		HideSolutionNode = FALSE
	EndGlobalSection
	GlobalSection(NestedProjects) = preSolution
		{C961A0F2-786B-449E-9C21-8DF26C598801} = {2DD7142A-8AA5-4611-8BDE-54E68665CE00}
		{A7B32CEA-F035-4E34-818C-466257C5EF40} = {2DD7142A-8AA5-4611-8BDE-54E68665CE00}
		{E1A312DC-FE69-49F4-8249-765EBC3FD518} = {2DD7142A-8AA5-4611-8BDE-54E68665CE00}
		{DB53B4BB-1301-4697-9E34-A5965594B851} = {88AC3E5B-6EE1-4145-9CE8-F43E04D25FA1}
		{E9C70E4C-EAB9-4BCD-8B1A-A3E4E890E1D7} = {88AC3E5B-6EE1-4145-9CE8-F43E04D25FA1}
		{D336DCF9-98E4-4726-BC47-22C6C73C4846} = {88AC3E5B-6EE1-4145-9CE8-F43E04D25FA1}
		{545463F8-514D-4728-BA7D-F34A78F6961C} = {2DD7142A-8AA5-4611-8BDE-54E68665CE00}
		{A68B45D0-11F5-472D-A1BE-918AC291D83E} = {88AC3E5B-6EE1-4145-9CE8-F43E04D25FA1}
		{E56EBA94-D70F-43E8-A69B-C2E196012D62} = {2DD7142A-8AA5-4611-8BDE-54E68665CE00}
		{CA9CB6D2-690B-444B-B766-AC805E4D5116} = {88AC3E5B-6EE1-4145-9CE8-F43E04D25FA1}
		{D116851A-69A3-450C-B3F3-4CAB7868BB3D} = {2DD7142A-8AA5-4611-8BDE-54E68665CE00}
		{1BCB974E-4B9D-47BD-A775-627404F7BF1F} = {88AC3E5B-6EE1-4145-9CE8-F43E04D25FA1}
	EndGlobalSection
	GlobalSection(ExtensibilityGlobals) = postSolution
		SolutionGuid = {DF9B639E-C24E-4562-9FCD-ED226D434925}
	EndGlobalSection
EndGlobal
