
Microsoft Visual Studio Solution File, Format Version 12.00
# Visual Studio Version 17
VisualStudioVersion = 17.8.34330.188
MinimumVisualStudioVersion = 10.0.40219.1
Project("{9A19103F-16F7-4668-BE54-9A1E7A4F7556}") = "SuperBotManagerBackend", "SuperBotManagerBackend\SuperBotManagerBackend.csproj", "{0FE6812E-E470-463F-9598-BC75235EFA4B}"
EndProject
Project("{9A19103F-16F7-4668-BE54-9A1E7A4F7556}") = "SuperBotManagerBase", "SuperBotManagerBase\SuperBotManagerBase.csproj", "{C5352DC9-1E12-4D45-AAA9-4977705868D6}"
EndProject
Project("{2150E333-8FDC-42A3-9474-1A3956D46DE8}") = "ActionConsumers", "ActionConsumers", "{2DD7142A-8AA5-4611-8BDE-54E68665CE00}"
EndProject
Project("{9A19103F-16F7-4668-BE54-9A1E7A4F7556}") = "SuperbotConsumerService", "SuperbotConsumerService\SuperbotConsumerService.csproj", "{4D93730A-A68F-44F3-AF68-AF6FE1E7A023}"
EndProject
Project("{9A19103F-16F7-4668-BE54-9A1E7A4F7556}") = "DiscordActionsConsumer", "ActionConsumers\DiscordActionsConsumer\DiscordActionsConsumer.csproj", "{C961A0F2-786B-449E-9C21-8DF26C598801}"
EndProject
Project("{9A19103F-16F7-4668-BE54-9A1E7A4F7556}") = "IntercityActionsConsumer", "ActionConsumers\IntercityActionsConsumer\IntercityActionsConsumer.csproj", "{A7B32CEA-F035-4E34-818C-466257C5EF40}"
EndProject
Project("{9A19103F-16F7-4668-BE54-9A1E7A4F7556}") = "StorytelActionsConsumer", "ActionConsumers\StorytelActionsConsumer\StorytelActionsConsumer.csproj", "{E1A312DC-FE69-49F4-8249-765EBC3FD518}"
EndProject
Global
	GlobalSection(SolutionConfigurationPlatforms) = preSolution
		Debug|Any CPU = Debug|Any CPU
		Release|Any CPU = Release|Any CPU
	EndGlobalSection
	GlobalSection(ProjectConfigurationPlatforms) = postSolution
		{0FE6812E-E470-463F-9598-BC75235EFA4B}.Debug|Any CPU.ActiveCfg = Debug|Any CPU
		{0FE6812E-E470-463F-9598-BC75235EFA4B}.Debug|Any CPU.Build.0 = Debug|Any CPU
		{0FE6812E-E470-463F-9598-BC75235EFA4B}.Release|Any CPU.ActiveCfg = Release|Any CPU
		{0FE6812E-E470-463F-9598-BC75235EFA4B}.Release|Any CPU.Build.0 = Release|Any CPU
		{C5352DC9-1E12-4D45-AAA9-4977705868D6}.Debug|Any CPU.ActiveCfg = Debug|Any CPU
		{C5352DC9-1E12-4D45-AAA9-4977705868D6}.Debug|Any CPU.Build.0 = Debug|Any CPU
		{C5352DC9-1E12-4D45-AAA9-4977705868D6}.Release|Any CPU.ActiveCfg = Release|Any CPU
		{C5352DC9-1E12-4D45-AAA9-4977705868D6}.Release|Any CPU.Build.0 = Release|Any CPU
		{4D93730A-A68F-44F3-AF68-AF6FE1E7A023}.Debug|Any CPU.ActiveCfg = Debug|Any CPU
		{4D93730A-A68F-44F3-AF68-AF6FE1E7A023}.Debug|Any CPU.Build.0 = Debug|Any CPU
		{4D93730A-A68F-44F3-AF68-AF6FE1E7A023}.Release|Any CPU.ActiveCfg = Release|Any CPU
		{4D93730A-A68F-44F3-AF68-AF6FE1E7A023}.Release|Any CPU.Build.0 = Release|Any CPU
		{C961A0F2-786B-449E-9C21-8DF26C598801}.Debug|Any CPU.ActiveCfg = Debug|Any CPU
		{C961A0F2-786B-449E-9C21-8DF26C598801}.Debug|Any CPU.Build.0 = Debug|Any CPU
		{C961A0F2-786B-449E-9C21-8DF26C598801}.Release|Any CPU.ActiveCfg = Release|Any CPU
		{C961A0F2-786B-449E-9C21-8DF26C598801}.Release|Any CPU.Build.0 = Release|Any CPU
		{A7B32CEA-F035-4E34-818C-466257C5EF40}.Debug|Any CPU.ActiveCfg = Debug|Any CPU
		{A7B32CEA-F035-4E34-818C-466257C5EF40}.Debug|Any CPU.Build.0 = Debug|Any CPU
		{A7B32CEA-F035-4E34-818C-466257C5EF40}.Release|Any CPU.ActiveCfg = Release|Any CPU
		{A7B32CEA-F035-4E34-818C-466257C5EF40}.Release|Any CPU.Build.0 = Release|Any CPU
		{E1A312DC-FE69-49F4-8249-765EBC3FD518}.Debug|Any CPU.ActiveCfg = Debug|Any CPU
		{E1A312DC-FE69-49F4-8249-765EBC3FD518}.Debug|Any CPU.Build.0 = Debug|Any CPU
		{E1A312DC-FE69-49F4-8249-765EBC3FD518}.Release|Any CPU.ActiveCfg = Release|Any CPU
		{E1A312DC-FE69-49F4-8249-765EBC3FD518}.Release|Any CPU.Build.0 = Release|Any CPU
	EndGlobalSection
	GlobalSection(SolutionProperties) = preSolution
		HideSolutionNode = FALSE
	EndGlobalSection
	GlobalSection(NestedProjects) = preSolution
		{C961A0F2-786B-449E-9C21-8DF26C598801} = {2DD7142A-8AA5-4611-8BDE-54E68665CE00}
		{A7B32CEA-F035-4E34-818C-466257C5EF40} = {2DD7142A-8AA5-4611-8BDE-54E68665CE00}
		{E1A312DC-FE69-49F4-8249-765EBC3FD518} = {2DD7142A-8AA5-4611-8BDE-54E68665CE00}
	EndGlobalSection
	GlobalSection(ExtensibilityGlobals) = postSolution
		SolutionGuid = {DF9B639E-C24E-4562-9FCD-ED226D434925}
	EndGlobalSection
EndGlobal
